
Microsoft Visual Studio Solution File, Format Version 12.00
# Visual Studio Version 16
VisualStudioVersion = 16.0.30011.22
MinimumVisualStudioVersion = 10.0.40219.1
Project("{FAE04EC0-301F-11D3-BF4B-00C04F79EFBC}") = "TrackManagement", "TrackManagement\TrackManagement.csproj", "{CC8646DA-89E0-4459-B337-B6DBCDDB21D7}"
EndProject
Project("{FAE04EC0-301F-11D3-BF4B-00C04F79EFBC}") = "TrackManagementTest", "TrackManagementTest\TrackManagementTest.csproj", "{10E31CB5-0A6A-4D5C-A900-0A10DEFA02A2}"
EndProject
Global
	GlobalSection(SolutionConfigurationPlatforms) = preSolution
		Debug|Any CPU = Debug|Any CPU
		Release|Any CPU = Release|Any CPU
	EndGlobalSection
	GlobalSection(ProjectConfigurationPlatforms) = postSolution
		{CC8646DA-89E0-4459-B337-B6DBCDDB21D7}.Debug|Any CPU.ActiveCfg = Debug|Any CPU
		{CC8646DA-89E0-4459-B337-B6DBCDDB21D7}.Debug|Any CPU.Build.0 = Debug|Any CPU
		{CC8646DA-89E0-4459-B337-B6DBCDDB21D7}.Release|Any CPU.ActiveCfg = Release|Any CPU
		{CC8646DA-89E0-4459-B337-B6DBCDDB21D7}.Release|Any CPU.Build.0 = Release|Any CPU
		{10E31CB5-0A6A-4D5C-A900-0A10DEFA02A2}.Debug|Any CPU.ActiveCfg = Debug|Any CPU
		{10E31CB5-0A6A-4D5C-A900-0A10DEFA02A2}.Debug|Any CPU.Build.0 = Debug|Any CPU
		{10E31CB5-0A6A-4D5C-A900-0A10DEFA02A2}.Release|Any CPU.ActiveCfg = Release|Any CPU
		{10E31CB5-0A6A-4D5C-A900-0A10DEFA02A2}.Release|Any CPU.Build.0 = Release|Any CPU
	EndGlobalSection
	GlobalSection(SolutionProperties) = preSolution
		HideSolutionNode = FALSE
	EndGlobalSection
	GlobalSection(ExtensibilityGlobals) = postSolution
		SolutionGuid = {040515AD-B2A1-4509-86E0-65043AC36FF3}
	EndGlobalSection
EndGlobal
